// !$*UTF8*$!
{
	archiveVersion = 1;
	classes = {
	};
	objectVersion = 46;
	objects = {

/* Begin PBXBuildFile section */
		A4369D611CC929F20069F80B /* GaugeView.swift in Sources */ = {isa = PBXBuildFile; fileRef = A4369D601CC929F20069F80B /* GaugeView.swift */; };
		A4369D651CC9FEA60069F80B /* BaroStyleKit.swift in Sources */ = {isa = PBXBuildFile; fileRef = A4369D641CC9FEA60069F80B /* BaroStyleKit.swift */; };
		A44C0C931C85C53C0066DEBE /* AppDelegate.swift in Sources */ = {isa = PBXBuildFile; fileRef = A44C0C921C85C53C0066DEBE /* AppDelegate.swift */; };
		A44C0C951C85C53C0066DEBE /* ViewController.swift in Sources */ = {isa = PBXBuildFile; fileRef = A44C0C941C85C53C0066DEBE /* ViewController.swift */; };
		A44C0C981C85C53C0066DEBE /* Main.storyboard in Resources */ = {isa = PBXBuildFile; fileRef = A44C0C961C85C53C0066DEBE /* Main.storyboard */; };
		A44C0C9A1C85C53C0066DEBE /* Assets.xcassets in Resources */ = {isa = PBXBuildFile; fileRef = A44C0C991C85C53C0066DEBE /* Assets.xcassets */; };
		A44C0C9D1C85C53C0066DEBE /* LaunchScreen.storyboard in Resources */ = {isa = PBXBuildFile; fileRef = A44C0C9B1C85C53C0066DEBE /* LaunchScreen.storyboard */; };
		A44C0CA81C85C53C0066DEBE /* BarOMeterTests.swift in Sources */ = {isa = PBXBuildFile; fileRef = A44C0CA71C85C53C0066DEBE /* BarOMeterTests.swift */; };
		A44C0CB31C85C53C0066DEBE /* BarOMeterUITests.swift in Sources */ = {isa = PBXBuildFile; fileRef = A44C0CB21C85C53C0066DEBE /* BarOMeterUITests.swift */; };
/* End PBXBuildFile section */

/* Begin PBXContainerItemProxy section */
		A44C0CA41C85C53C0066DEBE /* PBXContainerItemProxy */ = {
			isa = PBXContainerItemProxy;
			containerPortal = A44C0C871C85C53C0066DEBE /* Project object */;
			proxyType = 1;
			remoteGlobalIDString = A44C0C8E1C85C53C0066DEBE;
			remoteInfo = BarOMeter;
		};
		A44C0CAF1C85C53C0066DEBE /* PBXContainerItemProxy */ = {
			isa = PBXContainerItemProxy;
			containerPortal = A44C0C871C85C53C0066DEBE /* Project object */;
			proxyType = 1;
			remoteGlobalIDString = A44C0C8E1C85C53C0066DEBE;
			remoteInfo = BarOMeter;
		};
/* End PBXContainerItemProxy section */

/* Begin PBXFileReference section */
		A4369D601CC929F20069F80B /* GaugeView.swift */ = {isa = PBXFileReference; fileEncoding = 4; lastKnownFileType = sourcecode.swift; path = GaugeView.swift; sourceTree = "<group>"; };
		A4369D641CC9FEA60069F80B /* BaroStyleKit.swift */ = {isa = PBXFileReference; fileEncoding = 4; lastKnownFileType = sourcecode.swift; path = BaroStyleKit.swift; sourceTree = "<group>"; };
		A44C0C8F1C85C53C0066DEBE /* BarOMeter.app */ = {isa = PBXFileReference; explicitFileType = wrapper.application; includeInIndex = 0; path = BarOMeter.app; sourceTree = BUILT_PRODUCTS_DIR; };
		A44C0C921C85C53C0066DEBE /* AppDelegate.swift */ = {isa = PBXFileReference; lastKnownFileType = sourcecode.swift; path = AppDelegate.swift; sourceTree = "<group>"; };
		A44C0C941C85C53C0066DEBE /* ViewController.swift */ = {isa = PBXFileReference; lastKnownFileType = sourcecode.swift; path = ViewController.swift; sourceTree = "<group>"; };
		A44C0C971C85C53C0066DEBE /* Base */ = {isa = PBXFileReference; lastKnownFileType = file.storyboard; name = Base; path = Base.lproj/Main.storyboard; sourceTree = "<group>"; };
		A44C0C991C85C53C0066DEBE /* Assets.xcassets */ = {isa = PBXFileReference; lastKnownFileType = folder.assetcatalog; path = Assets.xcassets; sourceTree = "<group>"; };
		A44C0C9C1C85C53C0066DEBE /* Base */ = {isa = PBXFileReference; lastKnownFileType = file.storyboard; name = Base; path = Base.lproj/LaunchScreen.storyboard; sourceTree = "<group>"; };
		A44C0C9E1C85C53C0066DEBE /* Info.plist */ = {isa = PBXFileReference; lastKnownFileType = text.plist.xml; path = Info.plist; sourceTree = "<group>"; };
		A44C0CA31C85C53C0066DEBE /* BarOMeterTests.xctest */ = {isa = PBXFileReference; explicitFileType = wrapper.cfbundle; includeInIndex = 0; path = BarOMeterTests.xctest; sourceTree = BUILT_PRODUCTS_DIR; };
		A44C0CA71C85C53C0066DEBE /* BarOMeterTests.swift */ = {isa = PBXFileReference; lastKnownFileType = sourcecode.swift; path = BarOMeterTests.swift; sourceTree = "<group>"; };
		A44C0CA91C85C53C0066DEBE /* Info.plist */ = {isa = PBXFileReference; lastKnownFileType = text.plist.xml; path = Info.plist; sourceTree = "<group>"; };
		A44C0CAE1C85C53C0066DEBE /* BarOMeterUITests.xctest */ = {isa = PBXFileReference; explicitFileType = wrapper.cfbundle; includeInIndex = 0; path = BarOMeterUITests.xctest; sourceTree = BUILT_PRODUCTS_DIR; };
		A44C0CB21C85C53C0066DEBE /* BarOMeterUITests.swift */ = {isa = PBXFileReference; lastKnownFileType = sourcecode.swift; path = BarOMeterUITests.swift; sourceTree = "<group>"; };
		A44C0CB41C85C53C0066DEBE /* Info.plist */ = {isa = PBXFileReference; lastKnownFileType = text.plist.xml; path = Info.plist; sourceTree = "<group>"; };
/* End PBXFileReference section */

/* Begin PBXFrameworksBuildPhase section */
		A44C0C8C1C85C53C0066DEBE /* Frameworks */ = {
			isa = PBXFrameworksBuildPhase;
			buildActionMask = 2147483647;
			files = (
			);
			runOnlyForDeploymentPostprocessing = 0;
		};
		A44C0CA01C85C53C0066DEBE /* Frameworks */ = {
			isa = PBXFrameworksBuildPhase;
			buildActionMask = 2147483647;
			files = (
			);
			runOnlyForDeploymentPostprocessing = 0;
		};
		A44C0CAB1C85C53C0066DEBE /* Frameworks */ = {
			isa = PBXFrameworksBuildPhase;
			buildActionMask = 2147483647;
			files = (
			);
			runOnlyForDeploymentPostprocessing = 0;
		};
/* End PBXFrameworksBuildPhase section */

/* Begin PBXGroup section */
		A44C0C861C85C53C0066DEBE = {
			isa = PBXGroup;
			children = (
				A44C0C911C85C53C0066DEBE /* BarOMeter */,
				A44C0CA61C85C53C0066DEBE /* BarOMeterTests */,
				A44C0CB11C85C53C0066DEBE /* BarOMeterUITests */,
				A44C0C901C85C53C0066DEBE /* Products */,
			);
			sourceTree = "<group>";
		};
		A44C0C901C85C53C0066DEBE /* Products */ = {
			isa = PBXGroup;
			children = (
				A44C0C8F1C85C53C0066DEBE /* BarOMeter.app */,
				A44C0CA31C85C53C0066DEBE /* BarOMeterTests.xctest */,
				A44C0CAE1C85C53C0066DEBE /* BarOMeterUITests.xctest */,
			);
			name = Products;
			sourceTree = "<group>";
		};
		A44C0C911C85C53C0066DEBE /* BarOMeter */ = {
			isa = PBXGroup;
			children = (
				A4369D641CC9FEA60069F80B /* BaroStyleKit.swift */,
				A44C0C921C85C53C0066DEBE /* AppDelegate.swift */,
				A44C0C941C85C53C0066DEBE /* ViewController.swift */,
				A44C0C961C85C53C0066DEBE /* Main.storyboard */,
				A44C0C991C85C53C0066DEBE /* Assets.xcassets */,
				A44C0C9B1C85C53C0066DEBE /* LaunchScreen.storyboard */,
				A44C0C9E1C85C53C0066DEBE /* Info.plist */,
				A4369D601CC929F20069F80B /* GaugeView.swift */,
			);
			path = BarOMeter;
			sourceTree = "<group>";
		};
		A44C0CA61C85C53C0066DEBE /* BarOMeterTests */ = {
			isa = PBXGroup;
			children = (
				A44C0CA71C85C53C0066DEBE /* BarOMeterTests.swift */,
				A44C0CA91C85C53C0066DEBE /* Info.plist */,
			);
			path = BarOMeterTests;
			sourceTree = "<group>";
		};
		A44C0CB11C85C53C0066DEBE /* BarOMeterUITests */ = {
			isa = PBXGroup;
			children = (
				A44C0CB21C85C53C0066DEBE /* BarOMeterUITests.swift */,
				A44C0CB41C85C53C0066DEBE /* Info.plist */,
			);
			path = BarOMeterUITests;
			sourceTree = "<group>";
		};
/* End PBXGroup section */

/* Begin PBXNativeTarget section */
		A44C0C8E1C85C53C0066DEBE /* BarOMeter */ = {
			isa = PBXNativeTarget;
			buildConfigurationList = A44C0CB71C85C53C0066DEBE /* Build configuration list for PBXNativeTarget "BarOMeter" */;
			buildPhases = (
				A44C0C8B1C85C53C0066DEBE /* Sources */,
				A44C0C8C1C85C53C0066DEBE /* Frameworks */,
				A44C0C8D1C85C53C0066DEBE /* Resources */,
			);
			buildRules = (
			);
			dependencies = (
			);
			name = BarOMeter;
			productName = BarOMeter;
			productReference = A44C0C8F1C85C53C0066DEBE /* BarOMeter.app */;
			productType = "com.apple.product-type.application";
		};
		A44C0CA21C85C53C0066DEBE /* BarOMeterTests */ = {
			isa = PBXNativeTarget;
			buildConfigurationList = A44C0CBA1C85C53C0066DEBE /* Build configuration list for PBXNativeTarget "BarOMeterTests" */;
			buildPhases = (
				A44C0C9F1C85C53C0066DEBE /* Sources */,
				A44C0CA01C85C53C0066DEBE /* Frameworks */,
				A44C0CA11C85C53C0066DEBE /* Resources */,
			);
			buildRules = (
			);
			dependencies = (
				A44C0CA51C85C53C0066DEBE /* PBXTargetDependency */,
			);
			name = BarOMeterTests;
			productName = BarOMeterTests;
			productReference = A44C0CA31C85C53C0066DEBE /* BarOMeterTests.xctest */;
			productType = "com.apple.product-type.bundle.unit-test";
		};
		A44C0CAD1C85C53C0066DEBE /* BarOMeterUITests */ = {
			isa = PBXNativeTarget;
			buildConfigurationList = A44C0CBD1C85C53C0066DEBE /* Build configuration list for PBXNativeTarget "BarOMeterUITests" */;
			buildPhases = (
				A44C0CAA1C85C53C0066DEBE /* Sources */,
				A44C0CAB1C85C53C0066DEBE /* Frameworks */,
				A44C0CAC1C85C53C0066DEBE /* Resources */,
			);
			buildRules = (
			);
			dependencies = (
				A44C0CB01C85C53C0066DEBE /* PBXTargetDependency */,
			);
			name = BarOMeterUITests;
			productName = BarOMeterUITests;
			productReference = A44C0CAE1C85C53C0066DEBE /* BarOMeterUITests.xctest */;
			productType = "com.apple.product-type.bundle.ui-testing";
		};
/* End PBXNativeTarget section */

/* Begin PBXProject section */
		A44C0C871C85C53C0066DEBE /* Project object */ = {
			isa = PBXProject;
			attributes = {
				LastSwiftUpdateCheck = 0720;
				LastUpgradeCheck = 0720;
				ORGANIZATIONNAME = REactivity;
				TargetAttributes = {
					A44C0C8E1C85C53C0066DEBE = {
						CreatedOnToolsVersion = 7.2.1;
					};
					A44C0CA21C85C53C0066DEBE = {
						CreatedOnToolsVersion = 7.2.1;
						TestTargetID = A44C0C8E1C85C53C0066DEBE;
					};
					A44C0CAD1C85C53C0066DEBE = {
						CreatedOnToolsVersion = 7.2.1;
						TestTargetID = A44C0C8E1C85C53C0066DEBE;
					};
				};
			};
			buildConfigurationList = A44C0C8A1C85C53C0066DEBE /* Build configuration list for PBXProject "BarOMeter" */;
			compatibilityVersion = "Xcode 3.2";
			developmentRegion = English;
			hasScannedForEncodings = 0;
			knownRegions = (
				en,
				Base,
			);
			mainGroup = A44C0C861C85C53C0066DEBE;
			productRefGroup = A44C0C901C85C53C0066DEBE /* Products */;
			projectDirPath = "";
			projectRoot = "";
			targets = (
				A44C0C8E1C85C53C0066DEBE /* BarOMeter */,
				A44C0CA21C85C53C0066DEBE /* BarOMeterTests */,
				A44C0CAD1C85C53C0066DEBE /* BarOMeterUITests */,
			);
		};
/* End PBXProject section */

/* Begin PBXResourcesBuildPhase section */
		A44C0C8D1C85C53C0066DEBE /* Resources */ = {
			isa = PBXResourcesBuildPhase;
			buildActionMask = 2147483647;
			files = (
				A44C0C9D1C85C53C0066DEBE /* LaunchScreen.storyboard in Resources */,
				A44C0C9A1C85C53C0066DEBE /* Assets.xcassets in Resources */,
				A44C0C981C85C53C0066DEBE /* Main.storyboard in Resources */,
			);
			runOnlyForDeploymentPostprocessing = 0;
		};
		A44C0CA11C85C53C0066DEBE /* Resources */ = {
			isa = PBXResourcesBuildPhase;
			buildActionMask = 2147483647;
			files = (
			);
			runOnlyForDeploymentPostprocessing = 0;
		};
		A44C0CAC1C85C53C0066DEBE /* Resources */ = {
			isa = PBXResourcesBuildPhase;
			buildActionMask = 2147483647;
			files = (
			);
			runOnlyForDeploymentPostprocessing = 0;
		};
/* End PBXResourcesBuildPhase section */

/* Begin PBXSourcesBuildPhase section */
		A44C0C8B1C85C53C0066DEBE /* Sources */ = {
			isa = PBXSourcesBuildPhase;
			buildActionMask = 2147483647;
			files = (
				A44C0C951C85C53C0066DEBE /* ViewController.swift in Sources */,
				A4369D611CC929F20069F80B /* GaugeView.swift in Sources */,
				A4369D651CC9FEA60069F80B /* BaroStyleKit.swift in Sources */,
				A44C0C931C85C53C0066DEBE /* AppDelegate.swift in Sources */,
			);
			runOnlyForDeploymentPostprocessing = 0;
		};
		A44C0C9F1C85C53C0066DEBE /* Sources */ = {
			isa = PBXSourcesBuildPhase;
			buildActionMask = 2147483647;
			files = (
				A44C0CA81C85C53C0066DEBE /* BarOMeterTests.swift in Sources */,
			);
			runOnlyForDeploymentPostprocessing = 0;
		};
		A44C0CAA1C85C53C0066DEBE /* Sources */ = {
			isa = PBXSourcesBuildPhase;
			buildActionMask = 2147483647;
			files = (
				A44C0CB31C85C53C0066DEBE /* BarOMeterUITests.swift in Sources */,
			);
			runOnlyForDeploymentPostprocessing = 0;
		};
/* End PBXSourcesBuildPhase section */

/* Begin PBXTargetDependency section */
		A44C0CA51C85C53C0066DEBE /* PBXTargetDependency */ = {
			isa = PBXTargetDependency;
			target = A44C0C8E1C85C53C0066DEBE /* BarOMeter */;
			targetProxy = A44C0CA41C85C53C0066DEBE /* PBXContainerItemProxy */;
		};
		A44C0CB01C85C53C0066DEBE /* PBXTargetDependency */ = {
			isa = PBXTargetDependency;
			target = A44C0C8E1C85C53C0066DEBE /* BarOMeter */;
			targetProxy = A44C0CAF1C85C53C0066DEBE /* PBXContainerItemProxy */;
		};
/* End PBXTargetDependency section */

/* Begin PBXVariantGroup section */
		A44C0C961C85C53C0066DEBE /* Main.storyboard */ = {
			isa = PBXVariantGroup;
			children = (
				A44C0C971C85C53C0066DEBE /* Base */,
			);
			name = Main.storyboard;
			sourceTree = "<group>";
		};
		A44C0C9B1C85C53C0066DEBE /* LaunchScreen.storyboard */ = {
			isa = PBXVariantGroup;
			children = (
				A44C0C9C1C85C53C0066DEBE /* Base */,
			);
			name = LaunchScreen.storyboard;
			sourceTree = "<group>";
		};
/* End PBXVariantGroup section */

/* Begin XCBuildConfiguration section */
		A44C0CB51C85C53C0066DEBE /* Debug */ = {
			isa = XCBuildConfiguration;
			buildSettings = {
				ALWAYS_SEARCH_USER_PATHS = NO;
				CLANG_CXX_LANGUAGE_STANDARD = "gnu++0x";
				CLANG_CXX_LIBRARY = "libc++";
				CLANG_ENABLE_MODULES = YES;
				CLANG_ENABLE_OBJC_ARC = YES;
				CLANG_WARN_BOOL_CONVERSION = YES;
				CLANG_WARN_CONSTANT_CONVERSION = YES;
				CLANG_WARN_DIRECT_OBJC_ISA_USAGE = YES_ERROR;
				CLANG_WARN_EMPTY_BODY = YES;
				CLANG_WARN_ENUM_CONVERSION = YES;
				CLANG_WARN_INT_CONVERSION = YES;
				CLANG_WARN_OBJC_ROOT_CLASS = YES_ERROR;
				CLANG_WARN_UNREACHABLE_CODE = YES;
				CLANG_WARN__DUPLICATE_METHOD_MATCH = YES;
				"CODE_SIGN_IDENTITY[sdk=iphoneos*]" = "iPhone Developer";
				COPY_PHASE_STRIP = NO;
				DEBUG_INFORMATION_FORMAT = dwarf;
				ENABLE_STRICT_OBJC_MSGSEND = YES;
				ENABLE_TESTABILITY = YES;
				GCC_C_LANGUAGE_STANDARD = gnu99;
				GCC_DYNAMIC_NO_PIC = NO;
				GCC_NO_COMMON_BLOCKS = YES;
				GCC_OPTIMIZATION_LEVEL = 0;
				GCC_PREPROCESSOR_DEFINITIONS = (
					"DEBUG=1",
					"$(inherited)",
				);
				GCC_WARN_64_TO_32_BIT_CONVERSION = YES;
				GCC_WARN_ABOUT_RETURN_TYPE = YES_ERROR;
				GCC_WARN_UNDECLARED_SELECTOR = YES;
				GCC_WARN_UNINITIALIZED_AUTOS = YES_AGGRESSIVE;
				GCC_WARN_UNUSED_FUNCTION = YES;
				GCC_WARN_UNUSED_VARIABLE = YES;
				IPHONEOS_DEPLOYMENT_TARGET = 9.2;
				MTL_ENABLE_DEBUG_INFO = YES;
				ONLY_ACTIVE_ARCH = YES;
				SDKROOT = iphoneos;
				SWIFT_OPTIMIZATION_LEVEL = "-Onone";
			};
			name = Debug;
		};
		A44C0CB61C85C53C0066DEBE /* Release */ = {
			isa = XCBuildConfiguration;
			buildSettings = {
				ALWAYS_SEARCH_USER_PATHS = NO;
				CLANG_CXX_LANGUAGE_STANDARD = "gnu++0x";
				CLANG_CXX_LIBRARY = "libc++";
				CLANG_ENABLE_MODULES = YES;
				CLANG_ENABLE_OBJC_ARC = YES;
				CLANG_WARN_BOOL_CONVERSION = YES;
				CLANG_WARN_CONSTANT_CONVERSION = YES;
				CLANG_WARN_DIRECT_OBJC_ISA_USAGE = YES_ERROR;
				CLANG_WARN_EMPTY_BODY = YES;
				CLANG_WARN_ENUM_CONVERSION = YES;
				CLANG_WARN_INT_CONVERSION = YES;
				CLANG_WARN_OBJC_ROOT_CLASS = YES_ERROR;
				CLANG_WARN_UNREACHABLE_CODE = YES;
				CLANG_WARN__DUPLICATE_METHOD_MATCH = YES;
				"CODE_SIGN_IDENTITY[sdk=iphoneos*]" = "iPhone Developer";
				COPY_PHASE_STRIP = NO;
				DEBUG_INFORMATION_FORMAT = "dwarf-with-dsym";
				ENABLE_NS_ASSERTIONS = NO;
				ENABLE_STRICT_OBJC_MSGSEND = YES;
				GCC_C_LANGUAGE_STANDARD = gnu99;
				GCC_NO_COMMON_BLOCKS = YES;
				GCC_WARN_64_TO_32_BIT_CONVERSION = YES;
				GCC_WARN_ABOUT_RETURN_TYPE = YES_ERROR;
				GCC_WARN_UNDECLARED_SELECTOR = YES;
				GCC_WARN_UNINITIALIZED_AUTOS = YES_AGGRESSIVE;
				GCC_WARN_UNUSED_FUNCTION = YES;
				GCC_WARN_UNUSED_VARIABLE = YES;
				IPHONEOS_DEPLOYMENT_TARGET = 9.2;
				MTL_ENABLE_DEBUG_INFO = NO;
				SDKROOT = iphoneos;
				VALIDATE_PRODUCT = YES;
			};
			name = Release;
		};
		A44C0CB81C85C53C0066DEBE /* Debug */ = {
			isa = XCBuildConfiguration;
			buildSettings = {
				ASSETCATALOG_COMPILER_APPICON_NAME = AppIcon;
				INFOPLIST_FILE = BarOMeter/Info.plist;
				LD_RUNPATH_SEARCH_PATHS = "$(inherited) @executable_path/Frameworks";
				PRODUCT_BUNDLE_IDENTIFIER = nl.reactivity.BarOMeter;
				PRODUCT_NAME = "$(TARGET_NAME)";
			};
			name = Debug;
		};
		A44C0CB91C85C53C0066DEBE /* Release */ = {
			isa = XCBuildConfiguration;
			buildSettings = {
				ASSETCATALOG_COMPILER_APPICON_NAME = AppIcon;
				INFOPLIST_FILE = BarOMeter/Info.plist;
				LD_RUNPATH_SEARCH_PATHS = "$(inherited) @executable_path/Frameworks";
				PRODUCT_BUNDLE_IDENTIFIER = nl.reactivity.BarOMeter;
				PRODUCT_NAME = "$(TARGET_NAME)";
			};
			name = Release;
		};
		A44C0CBB1C85C53C0066DEBE /* Debug */ = {
			isa = XCBuildConfiguration;
			buildSettings = {
				BUNDLE_LOADER = "$(TEST_HOST)";
				INFOPLIST_FILE = BarOMeterTests/Info.plist;
				LD_RUNPATH_SEARCH_PATHS = "$(inherited) @executable_path/Frameworks @loader_path/Frameworks";
				PRODUCT_BUNDLE_IDENTIFIER = nl.reactivity.BarOMeterTests;
				PRODUCT_NAME = "$(TARGET_NAME)";
				TEST_HOST = "$(BUILT_PRODUCTS_DIR)/BarOMeter.app/BarOMeter";
			};
			name = Debug;
		};
		A44C0CBC1C85C53C0066DEBE /* Release */ = {
			isa = XCBuildConfiguration;
			buildSettings = {
				BUNDLE_LOADER = "$(TEST_HOST)";
				INFOPLIST_FILE = BarOMeterTests/Info.plist;
				LD_RUNPATH_SEARCH_PATHS = "$(inherited) @executable_path/Frameworks @loader_path/Frameworks";
				PRODUCT_BUNDLE_IDENTIFIER = nl.reactivity.BarOMeterTests;
				PRODUCT_NAME = "$(TARGET_NAME)";
				TEST_HOST = "$(BUILT_PRODUCTS_DIR)/BarOMeter.app/BarOMeter";
			};
			name = Release;
		};
		A44C0CBE1C85C53C0066DEBE /* Debug */ = {
			isa = XCBuildConfiguration;
			buildSettings = {
				INFOPLIST_FILE = BarOMeterUITests/Info.plist;
				LD_RUNPATH_SEARCH_PATHS = "$(inherited) @executable_path/Frameworks @loader_path/Frameworks";
				PRODUCT_BUNDLE_IDENTIFIER = nl.reactivity.BarOMeterUITests;
				PRODUCT_NAME = "$(TARGET_NAME)";
				TEST_TARGET_NAME = BarOMeter;
				USES_XCTRUNNER = YES;
			};
			name = Debug;
		};
		A44C0CBF1C85C53C0066DEBE /* Release */ = {
			isa = XCBuildConfiguration;
			buildSettings = {
				INFOPLIST_FILE = BarOMeterUITests/Info.plist;
				LD_RUNPATH_SEARCH_PATHS = "$(inherited) @executable_path/Frameworks @loader_path/Frameworks";
				PRODUCT_BUNDLE_IDENTIFIER = nl.reactivity.BarOMeterUITests;
				PRODUCT_NAME = "$(TARGET_NAME)";
				TEST_TARGET_NAME = BarOMeter;
				USES_XCTRUNNER = YES;
			};
			name = Release;
		};
/* End XCBuildConfiguration section */

/* Begin XCConfigurationList section */
		A44C0C8A1C85C53C0066DEBE /* Build configuration list for PBXProject "BarOMeter" */ = {
			isa = XCConfigurationList;
			buildConfigurations = (
				A44C0CB51C85C53C0066DEBE /* Debug */,
				A44C0CB61C85C53C0066DEBE /* Release */,
			);
			defaultConfigurationIsVisible = 0;
			defaultConfigurationName = Release;
		};
		A44C0CB71C85C53C0066DEBE /* Build configuration list for PBXNativeTarget "BarOMeter" */ = {
			isa = XCConfigurationList;
			buildConfigurations = (
				A44C0CB81C85C53C0066DEBE /* Debug */,
				A44C0CB91C85C53C0066DEBE /* Release */,
			);
			defaultConfigurationIsVisible = 0;
			defaultConfigurationName = Release;
		};
		A44C0CBA1C85C53C0066DEBE /* Build configuration list for PBXNativeTarget "BarOMeterTests" */ = {
			isa = XCConfigurationList;
			buildConfigurations = (
				A44C0CBB1C85C53C0066DEBE /* Debug */,
				A44C0CBC1C85C53C0066DEBE /* Release */,
			);
			defaultConfigurationIsVisible = 0;
			defaultConfigurationName = Release;
		};
		A44C0CBD1C85C53C0066DEBE /* Build configuration list for PBXNativeTarget "BarOMeterUITests" */ = {
			isa = XCConfigurationList;
			buildConfigurations = (
				A44C0CBE1C85C53C0066DEBE /* Debug */,
				A44C0CBF1C85C53C0066DEBE /* Release */,
			);
			defaultConfigurationIsVisible = 0;
			defaultConfigurationName = Release;
		};
/* End XCConfigurationList section */
	};
	rootObject = A44C0C871C85C53C0066DEBE /* Project object */;
}
